
Microsoft Visual Studio Solution File, Format Version 12.00
# Visual Studio Version 17
VisualStudioVersion = 17.5.002.0
MinimumVisualStudioVersion = 10.0.40219.1
Project("{FAE04EC0-301F-11D3-BF4B-00C04F79EFBC}") = "QuantConnect.CoinAPI", "QuantConnect.CoinAPI\QuantConnect.CoinAPI.csproj", "{2BEB31AD-5B1E-4D9B-A206-D67F3CA33A4C}"
EndProject
Project("{FAE04EC0-301F-11D3-BF4B-00C04F79EFBC}") = "QuantConnect.CoinAPI.Tests", "QuantConnect.CoinAPI.Tests\QuantConnect.CoinAPI.Tests.csproj", "{337CEE6E-639A-448D-95ED-2C1628E26AF2}"
EndProject
Project("{FAE04EC0-301F-11D3-BF4B-00C04F79EFBC}") = "QuantConnect.CoinAPI.Converter", "QuantConnect.CoinAPI.Converter\QuantConnect.CoinAPI.Converter.csproj", "{881514B4-641E-4EDC-8020-6BEA0CC8F48C}"
EndProject
Global
	GlobalSection(SolutionConfigurationPlatforms) = preSolution
		Debug|Any CPU = Debug|Any CPU
		Release|Any CPU = Release|Any CPU
	EndGlobalSection
	GlobalSection(ProjectConfigurationPlatforms) = postSolution
		{2BEB31AD-5B1E-4D9B-A206-D67F3CA33A4C}.Debug|Any CPU.ActiveCfg = Debug|Any CPU
		{2BEB31AD-5B1E-4D9B-A206-D67F3CA33A4C}.Debug|Any CPU.Build.0 = Debug|Any CPU
		{2BEB31AD-5B1E-4D9B-A206-D67F3CA33A4C}.Release|Any CPU.ActiveCfg = Release|Any CPU
		{2BEB31AD-5B1E-4D9B-A206-D67F3CA33A4C}.Release|Any CPU.Build.0 = Release|Any CPU
		{337CEE6E-639A-448D-95ED-2C1628E26AF2}.Debug|Any CPU.ActiveCfg = Debug|Any CPU
		{337CEE6E-639A-448D-95ED-2C1628E26AF2}.Debug|Any CPU.Build.0 = Debug|Any CPU
		{337CEE6E-639A-448D-95ED-2C1628E26AF2}.Release|Any CPU.ActiveCfg = Release|Any CPU
		{337CEE6E-639A-448D-95ED-2C1628E26AF2}.Release|Any CPU.Build.0 = Release|Any CPU
		{881514B4-641E-4EDC-8020-6BEA0CC8F48C}.Debug|Any CPU.ActiveCfg = Debug|Any CPU
		{881514B4-641E-4EDC-8020-6BEA0CC8F48C}.Debug|Any CPU.Build.0 = Debug|Any CPU
		{881514B4-641E-4EDC-8020-6BEA0CC8F48C}.Release|Any CPU.ActiveCfg = Release|Any CPU
		{881514B4-641E-4EDC-8020-6BEA0CC8F48C}.Release|Any CPU.Build.0 = Release|Any CPU
	EndGlobalSection
	GlobalSection(SolutionProperties) = preSolution
		HideSolutionNode = FALSE
	EndGlobalSection
	GlobalSection(ExtensibilityGlobals) = postSolution
		SolutionGuid = {2C7F3105-1213-40AC-BEB7-3B5637C33F5D}
	EndGlobalSection
EndGlobal
